
Microsoft Visual Studio Solution File, Format Version 12.00
# Visual Studio Version 17
VisualStudioVersion = 17.4.33205.214
MinimumVisualStudioVersion = 10.0.40219.1
Project("{FAE04EC0-301F-11D3-BF4B-00C04F79EFBC}") = "ZeddPluginOffseter", "ZeddPluginOffseter.csproj", "{FFAA11B6-F3D3-4A8D-A0F5-F886954CA3E5}"
EndProject
Global
	GlobalSection(SolutionConfigurationPlatforms) = preSolution
		Debug|Any CPU = Debug|Any CPU
		Release|Any CPU = Release|Any CPU
	EndGlobalSection
	GlobalSection(ProjectConfigurationPlatforms) = postSolution
		{FFAA11B6-F3D3-4A8D-A0F5-F886954CA3E5}.Debug|Any CPU.ActiveCfg = Debug|Any CPU
		{FFAA11B6-F3D3-4A8D-A0F5-F886954CA3E5}.Debug|Any CPU.Build.0 = Debug|Any CPU
		{FFAA11B6-F3D3-4A8D-A0F5-F886954CA3E5}.Release|Any CPU.ActiveCfg = Release|Any CPU
		{FFAA11B6-F3D3-4A8D-A0F5-F886954CA3E5}.Release|Any CPU.Build.0 = Release|Any CPU
	EndGlobalSection
	GlobalSection(SolutionProperties) = preSolution
		HideSolutionNode = FALSE
	EndGlobalSection
	GlobalSection(ExtensibilityGlobals) = postSolution
		SolutionGuid = {77D238B5-06CD-435F-859A-B8CACF56E8CB}
	EndGlobalSection
EndGlobal
